# Generated by pub
# See https://dart.dev/tools/pub/glossary#lockfile
packages:
  _flutterfire_internals:
    dependency: transitive
    description:
      name: _flutterfire_internals
      sha256: "9ebe81588e666f7e2b21309f2b5653bd9642d7f27fd0a6894278d2ff40cb9481"
      url: "https://pub.dev"
    source: hosted
    version: "1.3.2"
  args:
    dependency: transitive
    description:
      name: args
      sha256: "0bd9a99b6eb96f07af141f0eb53eace8983e8e5aa5de59777aca31684680ef22"
      url: "https://pub.dev"
    source: hosted
    version: "2.3.0"
  async:
    dependency: "direct overridden"
    description:
      name: async
      sha256: "947bfcf187f74dbc5e146c9eb9c0f10c9f8b30743e341481c1e2ed3ecc18c20c"
      url: "https://pub.dev"
    source: hosted
    version: "2.11.0"
  boolean_selector:
    dependency: transitive
    description:
      name: boolean_selector
      sha256: "6cfb5af12253eaf2b368f07bacc5a80d1301a071c73360d746b7f2e32d762c66"
      url: "https://pub.dev"
    source: hosted
    version: "2.1.1"
  buffer:
    dependency: transitive
    description:
      name: buffer
      sha256: "8962c12174f53e2e848a6acd7ac7fd63d8a1a6a316c20c458a832d87eba5422a"
      url: "https://pub.dev"
    source: hosted
    version: "1.2.0"
  characters:
    dependency: transitive
    description:
      name: characters
      sha256: "04a925763edad70e8443c99234dc3328f442e811f1d8fd1a72f1c8ad0f69a605"
      url: "https://pub.dev"
    source: hosted
    version: "1.3.0"
  charcode:
    dependency: transitive
    description:
      name: charcode
      sha256: fb98c0f6d12c920a02ee2d998da788bca066ca5f148492b7085ee23372b12306
      url: "https://pub.dev"
    source: hosted
    version: "1.3.1"
  chunked_stream:
    dependency: transitive
    description:
      name: chunked_stream
      sha256: a8a0dcb519bd603b397cd242152fe76861d7c65200be58cb8114d96226252ad3
      url: "https://pub.dev"
    source: hosted
    version: "1.4.1"
  clock:
    dependency: transitive
    description:
      name: clock
      sha256: cb6d7f03e1de671e34607e909a7213e31d7752be4fb66a86d29fe1eb14bfb5cf
      url: "https://pub.dev"
    source: hosted
    version: "1.1.1"
  collection:
    dependency: "direct overridden"
    description:
      name: collection
      sha256: f092b211a4319e98e5ff58223576de6c2803db36221657b46c82574721240687
      url: "https://pub.dev"
    source: hosted
    version: "1.17.2"
  collection_diff:
    dependency: "direct main"
    description:
      path: "/Users/ericm/aesthetika/checkout/SunnyApp/collection_diff"
      relative: false
    source: path
    version: "2.0.3+6"
  connectivity_plus:
    dependency: "direct overridden"
    description:
      name: connectivity_plus
      sha256: "8599ae9edca5ff96163fca3e36f8e481ea917d1e71cdad912c084b5579913f34"
      url: "https://pub.dev"
    source: hosted
    version: "4.0.1"
  connectivity_plus_platform_interface:
    dependency: transitive
    description:
      name: connectivity_plus_platform_interface
      sha256: cf1d1c28f4416f8c654d7dc3cd638ec586076255d407cef3ddbdaf178272a71a
      url: "https://pub.dev"
    source: hosted
    version: "1.2.4"
  crypto:
    dependency: "direct overridden"
    description:
      name: crypto
      sha256: ff625774173754681d66daaf4a448684fb04b78f902da9cb3d308c19cc5e8bab
      url: "https://pub.dev"
    source: hosted
    version: "3.0.3"
  dart_countries:
    dependency: transitive
    description:
      name: dart_countries
      sha256: c42fc90c38d57c857960b793c45d9cf2ba227f5eeb43c69d25d9ea47a9d44553
      url: "https://pub.dev"
    source: hosted
    version: "3.0.3"
  dartx:
    dependency: "direct overridden"
    description:
      name: dartx
      sha256: "45d7176701f16c5a5e00a4798791c1964bc231491b879369c818dd9a9c764871"
      url: "https://pub.dev"
    source: hosted
    version: "1.1.0"
  dartxx:
    dependency: "direct main"
    description:
      path: "/Users/ericm/aesthetika/checkout/ericmartineau/dartxx"
      relative: false
    source: path
    version: "0.5.5"
  dbus:
    dependency: transitive
    description:
      name: dbus
      sha256: "4f814fc7e73057f78f307a6c4714fe2ffb4bdb994ab1970540a068ec4d5a45be"
      url: "https://pub.dev"
    source: hosted
    version: "0.7.3"
  dio:
    dependency: "direct overridden"
    description:
      name: dio
      sha256: b99b1d56dc0d5dece70957023af002dbd49614b4a1bf86d3a254af3fe781bdf2
      url: "https://pub.dev"
    source: hosted
    version: "5.2.0+1"
  equatable:
    dependency: "direct main"
    description:
      name: equatable
      sha256: c2b87cb7756efdf69892005af546c56c0b5037f54d2a88269b4f347a505e3ca2
      url: "https://pub.dev"
    source: hosted
    version: "2.0.5"
  fake_async:
    dependency: transitive
    description:
      name: fake_async
      sha256: "511392330127add0b769b75a987850d136345d9227c6b94c96a04cf4a391bf78"
      url: "https://pub.dev"
    source: hosted
    version: "1.3.1"
  ffi:
    dependency: "direct overridden"
    description:
      name: ffi
      sha256: ed5337a5660c506388a9f012be0288fb38b49020ce2b45fe1f8b8323fe429f99
      url: "https://pub.dev"
    source: hosted
    version: "2.0.2"
  file:
    dependency: transitive
    description:
      name: file
      sha256: b69516f2c26a5bcac4eee2e32512e1a5205ab312b3536c1c1227b2b942b5f9ad
      url: "https://pub.dev"
    source: hosted
    version: "6.1.2"
  firebase_auth:
    dependency: "direct overridden"
    description:
      name: firebase_auth
      sha256: "19508428ca37f611ae47067ee6ebb3ba5a27014941177cc224f71bf7d0720cdd"
      url: "https://pub.dev"
    source: hosted
    version: "4.6.2"
  firebase_auth_platform_interface:
    dependency: transitive
    description:
      name: firebase_auth_platform_interface
      sha256: e46e136a6f6eec88b30f12445ff7f5b19b23b7ede694921ced4f8eba8eb634f6
      url: "https://pub.dev"
    source: hosted
    version: "6.15.2"
  firebase_auth_web:
    dependency: transitive
    description:
      name: firebase_auth_web
      sha256: "553bd576d793d05b920971a2c7ab02bd049d4971153702074ea2555877efd392"
      url: "https://pub.dev"
    source: hosted
    version: "5.5.2"
  firebase_core:
    dependency: "direct overridden"
    description:
      name: firebase_core
      sha256: e9b36b391690cf329c6fb1de220045e97c13784c303820cd33962319580a56c6
      url: "https://pub.dev"
    source: hosted
    version: "2.13.1"
  firebase_core_platform_interface:
    dependency: transitive
    description:
      name: firebase_core_platform_interface
      sha256: b63e3be6c96ef5c33bdec1aab23c91eb00696f6452f0519401d640938c94cba2
      url: "https://pub.dev"
    source: hosted
    version: "4.8.0"
  firebase_core_web:
    dependency: transitive
    description:
      name: firebase_core_web
      sha256: "8c0f4c87d20e2d001a5915df238c1f9c88704231f591324205f5a5d2a7740a45"
      url: "https://pub.dev"
    source: hosted
    version: "2.5.0"
  flexidate:
    dependency: "direct overridden"
    description:
      path: "/Users/ericm/aesthetika/checkout/ericmartineau/flexidate"
      relative: false
    source: path
    version: "0.8.0+3"
  flutter:
    dependency: "direct main"
    description: flutter
    source: sdk
    version: "0.0.0"
  flutter_hooks:
    dependency: "direct overridden"
    description:
      name: flutter_hooks
      sha256: "6a126f703b89499818d73305e4ce1e3de33b4ae1c5512e3b8eab4b986f46774c"
      url: "https://pub.dev"
    source: hosted
    version: "0.18.6"
  flutter_test:
    dependency: "direct dev"
    description: flutter
    source: sdk
    version: "0.0.0"
  flutter_web_plugins:
    dependency: transitive
    description: flutter
    source: sdk
    version: "0.0.0"
  gql:
    dependency: "direct main"
    description:
      name: gql
      sha256: b05d544d709d276c0cced82d630518e92139b426b20d1b11e973e123d07fbf52
      url: "https://pub.dev"
    source: hosted
    version: "1.0.0"
  gql_dedupe_link:
    dependency: transitive
    description:
      name: gql_dedupe_link
      sha256: dac8e5eec5e9f6274302e5c01f77c7558f89d727f2c0dff7cda568c440a171cd
      url: "https://pub.dev"
    source: hosted
    version: "2.0.4-alpha+1686240656097"
  gql_error_link:
    dependency: transitive
    description:
      name: gql_error_link
      sha256: bfdb543137da89448cc5d003fd029c2e8718931d39d4a7dedb16f9169862fbb9
      url: "https://pub.dev"
    source: hosted
    version: "1.0.0"
  gql_exec:
    dependency: transitive
    description:
      name: gql_exec
      sha256: "04fb14e41fdc3fafa80fa7218224bceba019e00b80de9130c2dd0a9a77c6392d"
      url: "https://pub.dev"
    source: hosted
    version: "1.0.1-alpha+1686240655996"
  gql_http_link:
    dependency: "direct overridden"
    description:
      name: gql_http_link
      sha256: "365c0e72da7e29e007c4a0ed7a470f6c03af1ef00acd2af3c22157c8bb47f314"
      url: "https://pub.dev"
    source: hosted
    version: "1.0.0"
  gql_link:
    dependency: transitive
    description:
      name: gql_link
      sha256: ecf2419e6c543d1b8dedd7dbbc538ce037f4d53a3b5b7d694a98a7d636da2817
      url: "https://pub.dev"
    source: hosted
    version: "1.0.1-alpha+1686240656001"
  gql_transform_link:
    dependency: transitive
    description:
      name: gql_transform_link
      sha256: "0645fdd874ca1be695fd327271fdfb24c0cd6fa40774a64b946062f321a59709"
      url: "https://pub.dev"
    source: hosted
    version: "1.0.0"
  graphql:
    dependency: "direct overridden"
    description:
      name: graphql
      sha256: ad11e6d12de4d73971ae1dd80885b09f3cbc0bf143b1cbc5622a6dc6d85735e7
      url: "https://pub.dev"
    source: hosted
    version: "5.2.0-beta.4"
  graphql_flutter:
    dependency: "direct main"
    description:
      name: graphql_flutter
      sha256: e1d17122ee94ea345671feca446d3d54d8917a41afa1d6421b2b24499f8f806d
      url: "https://pub.dev"
    source: hosted
    version: "5.2.0-beta.4"
  hive:
    dependency: transitive
    description:
      name: hive
      sha256: c3f8ba18522e7d63edfdd69a1e3be8de951538e67b6af00e185d6297ecd445f7
      url: "https://pub.dev"
    source: hosted
    version: "2.1.0"
  http:
    dependency: "direct overridden"
    description:
      name: http
      sha256: "4c3f04bfb64d3efd508d06b41b825542f08122d30bda4933fb95c069d22a4fa3"
      url: "https://pub.dev"
    source: hosted
    version: "1.0.0"
  http_parser:
    dependency: transitive
    description:
      name: http_parser
      sha256: e362d639ba3bc07d5a71faebb98cde68c05bfbcfbbb444b60b6f60bb67719185
      url: "https://pub.dev"
    source: hosted
    version: "4.0.0"
  inflection3:
    dependency: "direct main"
    description:
      name: inflection3
      sha256: cb54689bcfe3c0168a6979ee3191df584dcef4f870c5ef41c798bcb35ff5aca3
      url: "https://pub.dev"
    source: hosted
    version: "0.5.3+2"
  info_x:
    dependency: "direct overridden"
    description:
      path: "/Users/ericm/aesthetika/checkout/ericmartineau/info_x"
      relative: false
    source: path
    version: "0.8.0+3"
  intl:
    dependency: "direct overridden"
    description:
      name: intl
      sha256: "3bc132a9dbce73a7e4a21a17d06e1878839ffbf975568bc875c60537824b0c4d"
      url: "https://pub.dev"
    source: hosted
    version: "0.18.1"
  js:
    dependency: "direct overridden"
    description:
      name: js
      sha256: f2c445dce49627136094980615a031419f7f3eb393237e4ecd97ac15dea343f3
      url: "https://pub.dev"
    source: hosted
    version: "0.6.7"
  logging:
    dependency: "direct main"
    description:
      name: logging
      sha256: "623a88c9594aa774443aa3eb2d41807a48486b5613e67599fb4c41c0ad47c340"
      url: "https://pub.dev"
    source: hosted
    version: "1.2.0"
  matcher:
    dependency: transitive
    description:
      name: matcher
      sha256: "6501fbd55da300384b768785b83e5ce66991266cec21af89ab9ae7f5ce1c4cbb"
      url: "https://pub.dev"
    source: hosted
    version: "0.12.15"
  material_color_utilities:
    dependency: transitive
    description:
      name: material_color_utilities
      sha256: "586678f20e112219ed0f73215f01bcdf1d769824ba2ebae45ad918a9bfde9bdb"
      url: "https://pub.dev"
    source: hosted
    version: "0.3.0"
  meta:
    dependency: "direct overridden"
    description:
      name: meta
      sha256: "3c74dbf8763d36539f114c799d8a2d87343b5067e9d796ca22b5eb8437090ee3"
      url: "https://pub.dev"
    source: hosted
    version: "1.9.1"
  nm:
    dependency: transitive
    description:
      name: nm
      sha256: "2c9aae4127bdc8993206464fcc063611e0e36e72018696cd9631023a31b24254"
      url: "https://pub.dev"
    source: hosted
    version: "0.5.0"
  normalize:
    dependency: transitive
    description:
      name: normalize
      sha256: "8a60e37de5b608eeaf9b839273370c71ebba445e9f73b08eee7725e0d92dbc43"
      url: "https://pub.dev"
    source: hosted
    version: "0.8.2+1"
  path:
    dependency: "direct overridden"
    description:
      name: path
      sha256: "8829d8a55c13fc0e37127c29fedf290c102f4e40ae94ada574091fe0ff96c917"
      url: "https://pub.dev"
    source: hosted
    version: "1.8.3"
  path_provider:
    dependency: "direct overridden"
    description:
      name: path_provider
      sha256: "3087813781ab814e4157b172f1a11c46be20179fcc9bea043e0fba36bc0acaa2"
      url: "https://pub.dev"
    source: hosted
    version: "2.0.15"
  path_provider_android:
    dependency: transitive
    description:
      name: path_provider_android
      sha256: "8b759fb6c74955931e87f550cc9e890b0cccb7ef8e710943973efeaa9695c54d"
      url: "https://pub.dev"
    source: hosted
    version: "2.0.12"
  path_provider_foundation:
    dependency: transitive
    description:
      name: path_provider_foundation
      sha256: "62a68e7e1c6c459f9289859e2fae58290c981ce21d1697faf54910fe1faa4c74"
      url: "https://pub.dev"
    source: hosted
    version: "2.1.1"
  path_provider_linux:
    dependency: transitive
    description:
      name: path_provider_linux
      sha256: "1e109f4df28bd95eab71e323008b53d19c4d633bc1ab05b577518773474e9621"
      url: "https://pub.dev"
    source: hosted
    version: "2.1.5"
  path_provider_platform_interface:
    dependency: transitive
    description:
      name: path_provider_platform_interface
      sha256: "3dc0d51b07f85fec3746d9f4e8d31c73bb173cafa2e763f03f8df2e8d1878882"
      url: "https://pub.dev"
    source: hosted
    version: "2.0.3"
  path_provider_windows:
    dependency: transitive
    description:
      name: path_provider_windows
      sha256: "366ad4e3541ea707f859e7148d4d5aba67d589d7936cee04a05c464a277eeb27"
      url: "https://pub.dev"
    source: hosted
    version: "2.0.5"
  pedantic:
    dependency: "direct main"
    description:
      name: pedantic
      sha256: "67fc27ed9639506c856c840ccce7594d0bdcd91bc8d53d6e52359449a1d50602"
      url: "https://pub.dev"
    source: hosted
    version: "1.11.1"
  petitparser:
    dependency: transitive
    description:
      name: petitparser
      sha256: "1a914995d4ef10c94ff183528c120d35ed43b5eaa8713fc6766a9be4570782e2"
      url: "https://pub.dev"
    source: hosted
    version: "4.4.0"
  pfile:
    dependency: "direct overridden"
    description:
      path: "/Users/ericm/aesthetika/checkout/SunnyApp/pfile"
      relative: false
    source: path
    version: "2.2.0"
  phone_number_metadata:
    dependency: transitive
    description:
      name: phone_number_metadata
      sha256: "5788320b6bc58d85b1151e6406f52caa9c7f879064ed11bd4f945d3ca5c88fda"
      url: "https://pub.dev"
    source: hosted
    version: "5.0.4"
  phone_numbers_parser:
    dependency: "direct overridden"
    description:
      name: phone_numbers_parser
      sha256: a3659911edc70e13da02a4d4374e4600b0862f8a56b94ba6a9d67afa9aba830d
      url: "https://pub.dev"
    source: hosted
    version: "7.0.2"
  platform:
    dependency: "direct overridden"
    description:
      name: platform
      sha256: "4a451831508d7d6ca779f7ac6e212b4023dd5a7d08a27a63da33756410e32b76"
      url: "https://pub.dev"
    source: hosted
    version: "3.1.0"
  platform_detect2:
    dependency: "direct overridden"
    description:
      path: "/Users/ericm/aesthetika/checkout/ericmartineau/platform_detect"
      relative: false
    source: path
    version: "1.5.0+2"
  plugin_platform_interface:
    dependency: "direct overridden"
    description:
      name: plugin_platform_interface
      sha256: "6a2128648c854906c53fa8e33986fc0247a1116122f9534dd20e3ab9e16a32bc"
      url: "https://pub.dev"
    source: hosted
    version: "2.1.4"
  process:
    dependency: transitive
    description:
      name: process
      sha256: "53fd8db9cec1d37b0574e12f07520d582019cb6c44abf5479a01505099a34a09"
      url: "https://pub.dev"
    source: hosted
    version: "4.2.4"
  pub_semver:
    dependency: "direct overridden"
    description:
      name: pub_semver
      sha256: "40d3ab1bbd474c4c2328c91e3a7df8c6dd629b79ece4c4bd04bee496a224fb0c"
      url: "https://pub.dev"
    source: hosted
    version: "2.1.4"
  quiver:
    dependency: transitive
    description:
      name: quiver
      sha256: "93982981971e812c94d4a6fa3a57b89f9ec12b38b6380cd3c1370c3b01e4580e"
      url: "https://pub.dev"
    source: hosted
    version: "3.1.0"
  recase:
    dependency: "direct overridden"
    description:
      name: recase
      sha256: e4eb4ec2dcdee52dcf99cb4ceabaffc631d7424ee55e56f280bc039737f89213
      url: "https://pub.dev"
    source: hosted
    version: "4.1.0"
  rxdart:
    dependency: transitive
    description:
      name: rxdart
      sha256: bc2d2b17b87fab32e2dca53ca3066d3147de6f96c74d76cfe1a379a24239c46d
      url: "https://pub.dev"
    source: hosted
    version: "0.27.3"
  sky_engine:
    dependency: transitive
    description: flutter
    source: sdk
    version: "0.0.99"
  source_span:
    dependency: transitive
    description:
      name: source_span
      sha256: "53e943d4206a5e30df338fd4c6e7a077e02254531b138a15aec3bd143c1a8b3c"
      url: "https://pub.dev"
    source: hosted
    version: "1.10.0"
  sprintf:
    dependency: "direct overridden"
    description:
      name: sprintf
      sha256: "1fc9ffe69d4df602376b52949af107d8f5703b77cda567c4d7d86a0693120f23"
      url: "https://pub.dev"
    source: hosted
    version: "7.0.0"
  stack_trace:
    dependency: transitive
    description:
      name: stack_trace
      sha256: c3c7d8edb15bee7f0f74debd4b9c5f3c2ea86766fe4178eb2a18eb30a0bdaed5
      url: "https://pub.dev"
    source: hosted
    version: "1.11.0"
  stream_channel:
    dependency: transitive
    description:
      name: stream_channel
      sha256: "83615bee9045c1d322bbbd1ba209b7a749c2cbcdcb3fdd1df8eb488b3279c1c8"
      url: "https://pub.dev"
    source: hosted
    version: "2.1.1"
  stream_transform:
    dependency: "direct overridden"
    description:
      name: stream_transform
      sha256: "14a00e794c7c11aa145a170587321aedce29769c08d7f58b1d141da75e3b1c6f"
      url: "https://pub.dev"
    source: hosted
    version: "2.1.0"
  string_scanner:
    dependency: transitive
    description:
      name: string_scanner
      sha256: "556692adab6cfa87322a115640c11f13cb77b3f076ddcc5d6ae3c20242bedcde"
      url: "https://pub.dev"
    source: hosted
    version: "1.2.0"
  sunny_dart:
    dependency: "direct overridden"
    description:
      path: "/Users/ericm/aesthetika/checkout/SunnyApp/sunny_dart"
      relative: false
    source: path
    version: "0.11.1"
  sunny_sdk_core:
    dependency: "direct main"
    description:
      path: "/Users/ericm/aesthetika/checkout/SunnyApp/sunny_sdk_core"
      relative: false
    source: path
    version: "2.5.0"
  term_glyph:
    dependency: transitive
    description:
      name: term_glyph
      sha256: a29248a84fbb7c79282b40b8c72a1209db169a2e0542bce341da992fe1bc7e84
      url: "https://pub.dev"
    source: hosted
    version: "1.2.1"
  test_api:
    dependency: transitive
    description:
      name: test_api
      sha256: daadc9baabec998b062c9091525aa95786508b1c48e9c30f1f891b8bf6ff2e64
      url: "https://pub.dev"
    source: hosted
    version: "0.5.2"
  time:
    dependency: transitive
    description:
      name: time
      sha256: "44c6a63e372f1a06a850272c9d89b3761641743c3a1990d419fe0ebad47ab611"
      url: "https://pub.dev"
    source: hosted
    version: "2.1.0"
  timezone:
    dependency: "direct overridden"
    description:
      name: timezone
      sha256: "24c8fcdd49a805d95777a39064862133ff816ebfffe0ceff110fb5960e557964"
      url: "https://pub.dev"
    source: hosted
    version: "0.9.1"
  typed_data:
    dependency: transitive
    description:
      name: typed_data
      sha256: "53bdf7e979cfbf3e28987552fd72f637e63f3c8724c9e56d9246942dc2fa36ee"
      url: "https://pub.dev"
    source: hosted
    version: "1.3.0"
  uri:
    dependency: "direct main"
    description:
      name: uri
      sha256: "889eea21e953187c6099802b7b4cf5219ba8f3518f604a1033064d45b1b8268a"
      url: "https://pub.dev"
    source: hosted
    version: "1.0.0"
  uuid:
    dependency: "direct overridden"
    description:
      name: uuid
      sha256: "648e103079f7c64a36dc7d39369cabb358d377078a051d6ae2ad3aa539519313"
      url: "https://pub.dev"
    source: hosted
    version: "3.0.7"
  vector_math:
    dependency: transitive
    description:
      name: vector_math
      sha256: "80b3257d1492ce4d091729e3a67a60407d227c27241d6927be0130c98e741803"
      url: "https://pub.dev"
    source: hosted
    version: "2.1.4"
  web_socket_channel:
    dependency: transitive
    description:
      name: web_socket_channel
      sha256: d88238e5eac9a42bb43ca4e721edba3c08c6354d4a53063afaa568516217621b
      url: "https://pub.dev"
    source: hosted
    version: "2.4.0"
  win32:
    dependency: "direct overridden"
    description:
      name: win32
      sha256: "7dacfda1edcca378031db9905ad7d7bd56b29fd1a90b0908b71a52a12c41e36b"
      url: "https://pub.dev"
    source: hosted
    version: "5.0.3"
  xdg_directories:
    dependency: transitive
    description:
      name: xdg_directories
      sha256: "060b6e1c891d956f72b5ac9463466c37cce3fa962a921532fc001e86fe93438e"
      url: "https://pub.dev"
    source: hosted
    version: "0.2.0+1"
  xml:
    dependency: transitive
    description:
      name: xml
      sha256: baa23bcba1ba4ce4b22c0c7a1d9c861e7015cb5169512676da0b85138e72840c
      url: "https://pub.dev"
    source: hosted
    version: "5.3.1"
  yaml:
    dependency: transitive
    description:
      name: yaml
      sha256: "23812a9b125b48d4007117254bca50abb6c712352927eece9e155207b1db2370"
      url: "https://pub.dev"
    source: hosted
    version: "3.1.1"
sdks:
  dart: ">=3.0.0-0 <4.0.0"
  flutter: ">=3.3.0"
